// !$*UTF8*$!
{
	archiveVersion = 1;
	classes = {
	};
	objectVersion = 46;
	objects = {

/* Begin PBXBuildFile section */
		993C4D95182883AE006B3272 /* Foundation.framework in Frameworks */ = {isa = PBXBuildFile; fileRef = 993C4D94182883AE006B3272 /* Foundation.framework */; };
		993C4D97182883AE006B3272 /* CoreGraphics.framework in Frameworks */ = {isa = PBXBuildFile; fileRef = 993C4D96182883AE006B3272 /* CoreGraphics.framework */; };
		993C4D99182883AE006B3272 /* UIKit.framework in Frameworks */ = {isa = PBXBuildFile; fileRef = 993C4D98182883AE006B3272 /* UIKit.framework */; };
		993C4D9F182883AE006B3272 /* InfoPlist.strings in Resources */ = {isa = PBXBuildFile; fileRef = 993C4D9D182883AE006B3272 /* InfoPlist.strings */; };
		993C4DA1182883AE006B3272 /* main.m in Sources */ = {isa = PBXBuildFile; fileRef = 993C4DA0182883AE006B3272 /* main.m */; };
		993C4DA5182883AE006B3272 /* LRUAppDelegate.m in Sources */ = {isa = PBXBuildFile; fileRef = 993C4DA4182883AE006B3272 /* LRUAppDelegate.m */; };
		993C4DA8182883AE006B3272 /* Main.storyboard in Resources */ = {isa = PBXBuildFile; fileRef = 993C4DA6182883AE006B3272 /* Main.storyboard */; };
		993C4DAB182883AE006B3272 /* LRUViewController.m in Sources */ = {isa = PBXBuildFile; fileRef = 993C4DAA182883AE006B3272 /* LRUViewController.m */; };
		993C4DAD182883AE006B3272 /* Images.xcassets in Resources */ = {isa = PBXBuildFile; fileRef = 993C4DAC182883AE006B3272 /* Images.xcassets */; };
		993C4DB4182883AE006B3272 /* XCTest.framework in Frameworks */ = {isa = PBXBuildFile; fileRef = 993C4DB3182883AE006B3272 /* XCTest.framework */; };
		993C4DB5182883AE006B3272 /* Foundation.framework in Frameworks */ = {isa = PBXBuildFile; fileRef = 993C4D94182883AE006B3272 /* Foundation.framework */; };
		993C4DB6182883AE006B3272 /* UIKit.framework in Frameworks */ = {isa = PBXBuildFile; fileRef = 993C4D98182883AE006B3272 /* UIKit.framework */; };
		993C4DBE182883AE006B3272 /* InfoPlist.strings in Resources */ = {isa = PBXBuildFile; fileRef = 993C4DBC182883AE006B3272 /* InfoPlist.strings */; };
		993C4DC0182883AE006B3272 /* LRUAlgorithmTests.m in Sources */ = {isa = PBXBuildFile; fileRef = 993C4DBF182883AE006B3272 /* LRUAlgorithmTests.m */; };
		996B93591839DA1900334A17 /* LRUMatrix.m in Sources */ = {isa = PBXBuildFile; fileRef = 996B93581839DA1900334A17 /* LRUMatrix.m */; };
/* End PBXBuildFile section */

/* Begin PBXContainerItemProxy section */
		993C4DB7182883AE006B3272 /* PBXContainerItemProxy */ = {
			isa = PBXContainerItemProxy;
			containerPortal = 993C4D89182883AD006B3272 /* Project object */;
			proxyType = 1;
			remoteGlobalIDString = 993C4D90182883AD006B3272;
			remoteInfo = LRUAlgorithm;
		};
/* End PBXContainerItemProxy section */

/* Begin PBXFileReference section */
		993C4D91182883AE006B3272 /* LRUAlgorithm.app */ = {isa = PBXFileReference; explicitFileType = wrapper.application; includeInIndex = 0; path = LRUAlgorithm.app; sourceTree = BUILT_PRODUCTS_DIR; };
		993C4D94182883AE006B3272 /* Foundation.framework */ = {isa = PBXFileReference; lastKnownFileType = wrapper.framework; name = Foundation.framework; path = System/Library/Frameworks/Foundation.framework; sourceTree = SDKROOT; };
		993C4D96182883AE006B3272 /* CoreGraphics.framework */ = {isa = PBXFileReference; lastKnownFileType = wrapper.framework; name = CoreGraphics.framework; path = System/Library/Frameworks/CoreGraphics.framework; sourceTree = SDKROOT; };
		993C4D98182883AE006B3272 /* UIKit.framework */ = {isa = PBXFileReference; lastKnownFileType = wrapper.framework; name = UIKit.framework; path = System/Library/Frameworks/UIKit.framework; sourceTree = SDKROOT; };
		993C4D9C182883AE006B3272 /* LRUAlgorithm-Info.plist */ = {isa = PBXFileReference; lastKnownFileType = text.plist.xml; path = "LRUAlgorithm-Info.plist"; sourceTree = "<group>"; };
		993C4D9E182883AE006B3272 /* en */ = {isa = PBXFileReference; lastKnownFileType = text.plist.strings; name = en; path = en.lproj/InfoPlist.strings; sourceTree = "<group>"; };
		993C4DA0182883AE006B3272 /* main.m */ = {isa = PBXFileReference; lastKnownFileType = sourcecode.c.objc; path = main.m; sourceTree = "<group>"; };
		993C4DA2182883AE006B3272 /* LRUAlgorithm-Prefix.pch */ = {isa = PBXFileReference; lastKnownFileType = sourcecode.c.h; path = "LRUAlgorithm-Prefix.pch"; sourceTree = "<group>"; };
		993C4DA3182883AE006B3272 /* LRUAppDelegate.h */ = {isa = PBXFileReference; lastKnownFileType = sourcecode.c.h; path = LRUAppDelegate.h; sourceTree = "<group>"; };
		993C4DA4182883AE006B3272 /* LRUAppDelegate.m */ = {isa = PBXFileReference; lastKnownFileType = sourcecode.c.objc; path = LRUAppDelegate.m; sourceTree = "<group>"; };
		993C4DA7182883AE006B3272 /* Base */ = {isa = PBXFileReference; lastKnownFileType = file.storyboard; name = Base; path = Base.lproj/Main.storyboard; sourceTree = "<group>"; };
		993C4DA9182883AE006B3272 /* LRUViewController.h */ = {isa = PBXFileReference; lastKnownFileType = sourcecode.c.h; path = LRUViewController.h; sourceTree = "<group>"; };
		993C4DAA182883AE006B3272 /* LRUViewController.m */ = {isa = PBXFileReference; lastKnownFileType = sourcecode.c.objc; path = LRUViewController.m; sourceTree = "<group>"; };
		993C4DAC182883AE006B3272 /* Images.xcassets */ = {isa = PBXFileReference; lastKnownFileType = folder.assetcatalog; path = Images.xcassets; sourceTree = "<group>"; };
		993C4DB2182883AE006B3272 /* LRUAlgorithmTests.xctest */ = {isa = PBXFileReference; explicitFileType = wrapper.cfbundle; includeInIndex = 0; path = LRUAlgorithmTests.xctest; sourceTree = BUILT_PRODUCTS_DIR; };
		993C4DB3182883AE006B3272 /* XCTest.framework */ = {isa = PBXFileReference; lastKnownFileType = wrapper.framework; name = XCTest.framework; path = Library/Frameworks/XCTest.framework; sourceTree = DEVELOPER_DIR; };
		993C4DBB182883AE006B3272 /* LRUAlgorithmTests-Info.plist */ = {isa = PBXFileReference; lastKnownFileType = text.plist.xml; path = "LRUAlgorithmTests-Info.plist"; sourceTree = "<group>"; };
		993C4DBD182883AE006B3272 /* en */ = {isa = PBXFileReference; lastKnownFileType = text.plist.strings; name = en; path = en.lproj/InfoPlist.strings; sourceTree = "<group>"; };
		993C4DBF182883AE006B3272 /* LRUAlgorithmTests.m */ = {isa = PBXFileReference; lastKnownFileType = sourcecode.c.objc; path = LRUAlgorithmTests.m; sourceTree = "<group>"; };
		996B93571839DA1900334A17 /* LRUMatrix.h */ = {isa = PBXFileReference; fileEncoding = 4; lastKnownFileType = sourcecode.c.h; name = LRUMatrix.h; path = ../LRUMatrix.h; sourceTree = "<group>"; };
		996B93581839DA1900334A17 /* LRUMatrix.m */ = {isa = PBXFileReference; fileEncoding = 4; lastKnownFileType = sourcecode.c.objc; name = LRUMatrix.m; path = ../LRUMatrix.m; sourceTree = "<group>"; };
/* End PBXFileReference section */

/* Begin PBXFrameworksBuildPhase section */
		993C4D8E182883AD006B3272 /* Frameworks */ = {
			isa = PBXFrameworksBuildPhase;
			buildActionMask = 2147483647;
			files = (
				993C4D97182883AE006B3272 /* CoreGraphics.framework in Frameworks */,
				993C4D99182883AE006B3272 /* UIKit.framework in Frameworks */,
				993C4D95182883AE006B3272 /* Foundation.framework in Frameworks */,
			);
			runOnlyForDeploymentPostprocessing = 0;
		};
		993C4DAF182883AE006B3272 /* Frameworks */ = {
			isa = PBXFrameworksBuildPhase;
			buildActionMask = 2147483647;
			files = (
				993C4DB4182883AE006B3272 /* XCTest.framework in Frameworks */,
				993C4DB6182883AE006B3272 /* UIKit.framework in Frameworks */,
				993C4DB5182883AE006B3272 /* Foundation.framework in Frameworks */,
			);
			runOnlyForDeploymentPostprocessing = 0;
		};
/* End PBXFrameworksBuildPhase section */

/* Begin PBXGroup section */
		993C4D88182883AD006B3272 = {
			isa = PBXGroup;
			children = (
				993C4D9A182883AE006B3272 /* LRUAlgorithm */,
				993C4DB9182883AE006B3272 /* LRUAlgorithmTests */,
				993C4D93182883AE006B3272 /* Frameworks */,
				993C4D92182883AE006B3272 /* Products */,
			);
			sourceTree = "<group>";
		};
		993C4D92182883AE006B3272 /* Products */ = {
			isa = PBXGroup;
			children = (
				993C4D91182883AE006B3272 /* LRUAlgorithm.app */,
				993C4DB2182883AE006B3272 /* LRUAlgorithmTests.xctest */,
			);
			name = Products;
			sourceTree = "<group>";
		};
		993C4D93182883AE006B3272 /* Frameworks */ = {
			isa = PBXGroup;
			children = (
				993C4D94182883AE006B3272 /* Foundation.framework */,
				993C4D96182883AE006B3272 /* CoreGraphics.framework */,
				993C4D98182883AE006B3272 /* UIKit.framework */,
				993C4DB3182883AE006B3272 /* XCTest.framework */,
			);
			name = Frameworks;
			sourceTree = "<group>";
		};
		993C4D9A182883AE006B3272 /* LRUAlgorithm */ = {
			isa = PBXGroup;
			children = (
				993C4DA3182883AE006B3272 /* LRUAppDelegate.h */,
				993C4DA4182883AE006B3272 /* LRUAppDelegate.m */,
				993C4DA6182883AE006B3272 /* Main.storyboard */,
				993C4DA9182883AE006B3272 /* LRUViewController.h */,
				993C4DAA182883AE006B3272 /* LRUViewController.m */,
				996B93571839DA1900334A17 /* LRUMatrix.h */,
				996B93581839DA1900334A17 /* LRUMatrix.m */,
				993C4DAC182883AE006B3272 /* Images.xcassets */,
				993C4D9B182883AE006B3272 /* Supporting Files */,
			);
			path = LRUAlgorithm;
			sourceTree = "<group>";
		};
		993C4D9B182883AE006B3272 /* Supporting Files */ = {
			isa = PBXGroup;
			children = (
				993C4D9C182883AE006B3272 /* LRUAlgorithm-Info.plist */,
				993C4D9D182883AE006B3272 /* InfoPlist.strings */,
				993C4DA0182883AE006B3272 /* main.m */,
				993C4DA2182883AE006B3272 /* LRUAlgorithm-Prefix.pch */,
			);
			name = "Supporting Files";
			sourceTree = "<group>";
		};
		993C4DB9182883AE006B3272 /* LRUAlgorithmTests */ = {
			isa = PBXGroup;
			children = (
				993C4DBF182883AE006B3272 /* LRUAlgorithmTests.m */,
				993C4DBA182883AE006B3272 /* Supporting Files */,
			);
			path = LRUAlgorithmTests;
			sourceTree = "<group>";
		};
		993C4DBA182883AE006B3272 /* Supporting Files */ = {
			isa = PBXGroup;
			children = (
				993C4DBB182883AE006B3272 /* LRUAlgorithmTests-Info.plist */,
				993C4DBC182883AE006B3272 /* InfoPlist.strings */,
			);
			name = "Supporting Files";
			sourceTree = "<group>";
		};
/* End PBXGroup section */

/* Begin PBXNativeTarget section */
		993C4D90182883AD006B3272 /* LRUAlgorithm */ = {
			isa = PBXNativeTarget;
			buildConfigurationList = 993C4DC3182883AE006B3272 /* Build configuration list for PBXNativeTarget "LRUAlgorithm" */;
			buildPhases = (
				993C4D8D182883AD006B3272 /* Sources */,
				993C4D8E182883AD006B3272 /* Frameworks */,
				993C4D8F182883AD006B3272 /* Resources */,
			);
			buildRules = (
			);
			dependencies = (
			);
			name = LRUAlgorithm;
			productName = LRUAlgorithm;
			productReference = 993C4D91182883AE006B3272 /* LRUAlgorithm.app */;
			productType = "com.apple.product-type.application";
		};
		993C4DB1182883AE006B3272 /* LRUAlgorithmTests */ = {
			isa = PBXNativeTarget;
			buildConfigurationList = 993C4DC6182883AE006B3272 /* Build configuration list for PBXNativeTarget "LRUAlgorithmTests" */;
			buildPhases = (
				993C4DAE182883AE006B3272 /* Sources */,
				993C4DAF182883AE006B3272 /* Frameworks */,
				993C4DB0182883AE006B3272 /* Resources */,
			);
			buildRules = (
			);
			dependencies = (
				993C4DB8182883AE006B3272 /* PBXTargetDependency */,
			);
			name = LRUAlgorithmTests;
			productName = LRUAlgorithmTests;
			productReference = 993C4DB2182883AE006B3272 /* LRUAlgorithmTests.xctest */;
			productType = "com.apple.product-type.bundle.unit-test";
		};
/* End PBXNativeTarget section */

/* Begin PBXProject section */
		993C4D89182883AD006B3272 /* Project object */ = {
			isa = PBXProject;
			attributes = {
				CLASSPREFIX = LRU;
				LastUpgradeCheck = 0500;
				ORGANIZATIONNAME = "Omar Gudino";
				TargetAttributes = {
					993C4DB1182883AE006B3272 = {
						TestTargetID = 993C4D90182883AD006B3272;
					};
				};
			};
			buildConfigurationList = 993C4D8C182883AD006B3272 /* Build configuration list for PBXProject "LRUAlgorithm" */;
			compatibilityVersion = "Xcode 3.2";
			developmentRegion = English;
			hasScannedForEncodings = 0;
			knownRegions = (
				en,
				Base,
			);
			mainGroup = 993C4D88182883AD006B3272;
			productRefGroup = 993C4D92182883AE006B3272 /* Products */;
			projectDirPath = "";
			projectRoot = "";
			targets = (
				993C4D90182883AD006B3272 /* LRUAlgorithm */,
				993C4DB1182883AE006B3272 /* LRUAlgorithmTests */,
			);
		};
/* End PBXProject section */

/* Begin PBXResourcesBuildPhase section */
		993C4D8F182883AD006B3272 /* Resources */ = {
			isa = PBXResourcesBuildPhase;
			buildActionMask = 2147483647;
			files = (
				993C4DAD182883AE006B3272 /* Images.xcassets in Resources */,
				993C4D9F182883AE006B3272 /* InfoPlist.strings in Resources */,
				993C4DA8182883AE006B3272 /* Main.storyboard in Resources */,
			);
			runOnlyForDeploymentPostprocessing = 0;
		};
		993C4DB0182883AE006B3272 /* Resources */ = {
			isa = PBXResourcesBuildPhase;
			buildActionMask = 2147483647;
			files = (
				993C4DBE182883AE006B3272 /* InfoPlist.strings in Resources */,
			);
			runOnlyForDeploymentPostprocessing = 0;
		};
/* End PBXResourcesBuildPhase section */

/* Begin PBXSourcesBuildPhase section */
		993C4D8D182883AD006B3272 /* Sources */ = {
			isa = PBXSourcesBuildPhase;
			buildActionMask = 2147483647;
			files = (
				993C4DA5182883AE006B3272 /* LRUAppDelegate.m in Sources */,
				993C4DA1182883AE006B3272 /* main.m in Sources */,
				996B93591839DA1900334A17 /* LRUMatrix.m in Sources */,
				993C4DAB182883AE006B3272 /* LRUViewController.m in Sources */,
			);
			runOnlyForDeploymentPostprocessing = 0;
		};
		993C4DAE182883AE006B3272 /* Sources */ = {
			isa = PBXSourcesBuildPhase;
			buildActionMask = 2147483647;
			files = (
				993C4DC0182883AE006B3272 /* LRUAlgorithmTests.m in Sources */,
			);
			runOnlyForDeploymentPostprocessing = 0;
		};
/* End PBXSourcesBuildPhase section */

/* Begin PBXTargetDependency section */
		993C4DB8182883AE006B3272 /* PBXTargetDependency */ = {
			isa = PBXTargetDependency;
			target = 993C4D90182883AD006B3272 /* LRUAlgorithm */;
			targetProxy = 993C4DB7182883AE006B3272 /* PBXContainerItemProxy */;
		};
/* End PBXTargetDependency section */

/* Begin PBXVariantGroup section */
		993C4D9D182883AE006B3272 /* InfoPlist.strings */ = {
			isa = PBXVariantGroup;
			children = (
				993C4D9E182883AE006B3272 /* en */,
			);
			name = InfoPlist.strings;
			sourceTree = "<group>";
		};
		993C4DA6182883AE006B3272 /* Main.storyboard */ = {
			isa = PBXVariantGroup;
			children = (
				993C4DA7182883AE006B3272 /* Base */,
			);
			name = Main.storyboard;
			sourceTree = "<group>";
		};
		993C4DBC182883AE006B3272 /* InfoPlist.strings */ = {
			isa = PBXVariantGroup;
			children = (
				993C4DBD182883AE006B3272 /* en */,
			);
			name = InfoPlist.strings;
			sourceTree = "<group>";
		};
/* End PBXVariantGroup section */

/* Begin XCBuildConfiguration section */
		993C4DC1182883AE006B3272 /* Debug */ = {
			isa = XCBuildConfiguration;
			buildSettings = {
				ALWAYS_SEARCH_USER_PATHS = NO;
				ARCHS = "$(ARCHS_STANDARD_INCLUDING_64_BIT)";
				CLANG_CXX_LANGUAGE_STANDARD = "gnu++0x";
				CLANG_CXX_LIBRARY = "libc++";
				CLANG_ENABLE_MODULES = YES;
				CLANG_ENABLE_OBJC_ARC = YES;
				CLANG_WARN_BOOL_CONVERSION = YES;
				CLANG_WARN_CONSTANT_CONVERSION = YES;
				CLANG_WARN_DIRECT_OBJC_ISA_USAGE = YES_ERROR;
				CLANG_WARN_EMPTY_BODY = YES;
				CLANG_WARN_ENUM_CONVERSION = YES;
				CLANG_WARN_INT_CONVERSION = YES;
				CLANG_WARN_OBJC_ROOT_CLASS = YES_ERROR;
				CLANG_WARN__DUPLICATE_METHOD_MATCH = YES;
				"CODE_SIGN_IDENTITY[sdk=iphoneos*]" = "iPhone Developer";
				COPY_PHASE_STRIP = NO;
				GCC_C_LANGUAGE_STANDARD = gnu99;
				GCC_DYNAMIC_NO_PIC = NO;
				GCC_OPTIMIZATION_LEVEL = 0;
				GCC_PREPROCESSOR_DEFINITIONS = (
					"DEBUG=1",
					"$(inherited)",
				);
				GCC_SYMBOLS_PRIVATE_EXTERN = NO;
				GCC_WARN_64_TO_32_BIT_CONVERSION = YES;
				GCC_WARN_ABOUT_RETURN_TYPE = YES_ERROR;
				GCC_WARN_UNDECLARED_SELECTOR = YES;
				GCC_WARN_UNINITIALIZED_AUTOS = YES;
				GCC_WARN_UNUSED_FUNCTION = YES;
				GCC_WARN_UNUSED_VARIABLE = YES;
				IPHONEOS_DEPLOYMENT_TARGET = 7.0;
				ONLY_ACTIVE_ARCH = YES;
				SDKROOT = iphoneos;
			};
			name = Debug;
		};
		993C4DC2182883AE006B3272 /* Release */ = {
			isa = XCBuildConfiguration;
			buildSettings = {
				ALWAYS_SEARCH_USER_PATHS = NO;
				ARCHS = "$(ARCHS_STANDARD_INCLUDING_64_BIT)";
				CLANG_CXX_LANGUAGE_STANDARD = "gnu++0x";
				CLANG_CXX_LIBRARY = "libc++";
				CLANG_ENABLE_MODULES = YES;
				CLANG_ENABLE_OBJC_ARC = YES;
				CLANG_WARN_BOOL_CONVERSION = YES;
				CLANG_WARN_CONSTANT_CONVERSION = YES;
				CLANG_WARN_DIRECT_OBJC_ISA_USAGE = YES_ERROR;
				CLANG_WARN_EMPTY_BODY = YES;
				CLANG_WARN_ENUM_CONVERSION = YES;
				CLANG_WARN_INT_CONVERSION = YES;
				CLANG_WARN_OBJC_ROOT_CLASS = YES_ERROR;
				CLANG_WARN__DUPLICATE_METHOD_MATCH = YES;
				"CODE_SIGN_IDENTITY[sdk=iphoneos*]" = "iPhone Developer";
				COPY_PHASE_STRIP = YES;
				ENABLE_NS_ASSERTIONS = NO;
				GCC_C_LANGUAGE_STANDARD = gnu99;
				GCC_WARN_64_TO_32_BIT_CONVERSION = YES;
				GCC_WARN_ABOUT_RETURN_TYPE = YES_ERROR;
				GCC_WARN_UNDECLARED_SELECTOR = YES;
				GCC_WARN_UNINITIALIZED_AUTOS = YES;
				GCC_WARN_UNUSED_FUNCTION = YES;
				GCC_WARN_UNUSED_VARIABLE = YES;
				IPHONEOS_DEPLOYMENT_TARGET = 7.0;
				SDKROOT = iphoneos;
				VALIDATE_PRODUCT = YES;
			};
			name = Release;
		};
		993C4DC4182883AE006B3272 /* Debug */ = {
			isa = XCBuildConfiguration;
			buildSettings = {
				ASSETCATALOG_COMPILER_APPICON_NAME = AppIcon;
				ASSETCATALOG_COMPILER_LAUNCHIMAGE_NAME = LaunchImage;
				GCC_PRECOMPILE_PREFIX_HEADER = YES;
				GCC_PREFIX_HEADER = "LRUAlgorithm/LRUAlgorithm-Prefix.pch";
				INFOPLIST_FILE = "LRUAlgorithm/LRUAlgorithm-Info.plist";
				PRODUCT_NAME = "$(TARGET_NAME)";
				WRAPPER_EXTENSION = app;
			};
			name = Debug;
		};
		993C4DC5182883AE006B3272 /* Release */ = {
			isa = XCBuildConfiguration;
			buildSettings = {
				ASSETCATALOG_COMPILER_APPICON_NAME = AppIcon;
				ASSETCATALOG_COMPILER_LAUNCHIMAGE_NAME = LaunchImage;
				GCC_PRECOMPILE_PREFIX_HEADER = YES;
				GCC_PREFIX_HEADER = "LRUAlgorithm/LRUAlgorithm-Prefix.pch";
				INFOPLIST_FILE = "LRUAlgorithm/LRUAlgorithm-Info.plist";
				PRODUCT_NAME = "$(TARGET_NAME)";
				WRAPPER_EXTENSION = app;
			};
			name = Release;
		};
		993C4DC7182883AE006B3272 /* Debug */ = {
			isa = XCBuildConfiguration;
			buildSettings = {
				ARCHS = "$(ARCHS_STANDARD_INCLUDING_64_BIT)";
				BUNDLE_LOADER = "$(BUILT_PRODUCTS_DIR)/LRUAlgorithm.app/LRUAlgorithm";
				FRAMEWORK_SEARCH_PATHS = (
					"$(SDKROOT)/Developer/Library/Frameworks",
					"$(inherited)",
					"$(DEVELOPER_FRAMEWORKS_DIR)",
				);
				GCC_PRECOMPILE_PREFIX_HEADER = YES;
				GCC_PREFIX_HEADER = "LRUAlgorithm/LRUAlgorithm-Prefix.pch";
				GCC_PREPROCESSOR_DEFINITIONS = (
					"DEBUG=1",
					"$(inherited)",
				);
				INFOPLIST_FILE = "LRUAlgorithmTests/LRUAlgorithmTests-Info.plist";
				PRODUCT_NAME = "$(TARGET_NAME)";
				TEST_HOST = "$(BUNDLE_LOADER)";
				WRAPPER_EXTENSION = xctest;
			};
			name = Debug;
		};
		993C4DC8182883AE006B3272 /* Release */ = {
			isa = XCBuildConfiguration;
			buildSettings = {
				ARCHS = "$(ARCHS_STANDARD_INCLUDING_64_BIT)";
				BUNDLE_LOADER = "$(BUILT_PRODUCTS_DIR)/LRUAlgorithm.app/LRUAlgorithm";
				FRAMEWORK_SEARCH_PATHS = (
					"$(SDKROOT)/Developer/Library/Frameworks",
					"$(inherited)",
					"$(DEVELOPER_FRAMEWORKS_DIR)",
				);
				GCC_PRECOMPILE_PREFIX_HEADER = YES;
				GCC_PREFIX_HEADER = "LRUAlgorithm/LRUAlgorithm-Prefix.pch";
				INFOPLIST_FILE = "LRUAlgorithmTests/LRUAlgorithmTests-Info.plist";
				PRODUCT_NAME = "$(TARGET_NAME)";
				TEST_HOST = "$(BUNDLE_LOADER)";
				WRAPPER_EXTENSION = xctest;
			};
			name = Release;
		};
/* End XCBuildConfiguration section */

/* Begin XCConfigurationList section */
		993C4D8C182883AD006B3272 /* Build configuration list for PBXProject "LRUAlgorithm" */ = {
			isa = XCConfigurationList;
			buildConfigurations = (
				993C4DC1182883AE006B3272 /* Debug */,
				993C4DC2182883AE006B3272 /* Release */,
			);
			defaultConfigurationIsVisible = 0;
			defaultConfigurationName = Release;
		};
		993C4DC3182883AE006B3272 /* Build configuration list for PBXNativeTarget "LRUAlgorithm" */ = {
			isa = XCConfigurationList;
			buildConfigurations = (
				993C4DC4182883AE006B3272 /* Debug */,
				993C4DC5182883AE006B3272 /* Release */,
			);
			defaultConfigurationIsVisible = 0;
			defaultConfigurationName = Release;
		};
		993C4DC6182883AE006B3272 /* Build configuration list for PBXNativeTarget "LRUAlgorithmTests" */ = {
			isa = XCConfigurationList;
			buildConfigurations = (
				993C4DC7182883AE006B3272 /* Debug */,
				993C4DC8182883AE006B3272 /* Release */,
			);
			defaultConfigurationIsVisible = 0;
			defaultConfigurationName = Release;
		};
/* End XCConfigurationList section */
	};
	rootObject = 993C4D89182883AD006B3272 /* Project object */;
}
